// !$*UTF8*$!
{
	archiveVersion = 1;
	classes = {
	};
	objectVersion = 46;
	objects = {

/* Begin PBXBuildFile section */
		332DAAE12721BB2BD8F00FF4 /* libPods-mapbookmarks.a in Frameworks */ = {isa = PBXBuildFile; fileRef = 49980E936F4BA06758B036E5 /* libPods-mapbookmarks.a */; };
		3882BF251B47E94900C188B2 /* main.m in Sources */ = {isa = PBXBuildFile; fileRef = 3882BF241B47E94900C188B2 /* main.m */; };
		3882BF281B47E94900C188B2 /* AppDelegate.m in Sources */ = {isa = PBXBuildFile; fileRef = 3882BF271B47E94900C188B2 /* AppDelegate.m */; };
		3882BF2E1B47E94900C188B2 /* Main.storyboard in Resources */ = {isa = PBXBuildFile; fileRef = 3882BF2C1B47E94900C188B2 /* Main.storyboard */; };
		3882BF301B47E94900C188B2 /* Images.xcassets in Resources */ = {isa = PBXBuildFile; fileRef = 3882BF2F1B47E94900C188B2 /* Images.xcassets */; };
		3882BF331B47E94900C188B2 /* LaunchScreen.xib in Resources */ = {isa = PBXBuildFile; fileRef = 3882BF311B47E94900C188B2 /* LaunchScreen.xib */; };
		3882BF3F1B47E94900C188B2 /* mapbookmarksTests.m in Sources */ = {isa = PBXBuildFile; fileRef = 3882BF3E1B47E94900C188B2 /* mapbookmarksTests.m */; };
		3882BF4A1B47ECE800C188B2 /* CoreData.framework in Frameworks */ = {isa = PBXBuildFile; fileRef = 3882BF491B47ECE800C188B2 /* CoreData.framework */; };
		3882BF4C1B47ECEF00C188B2 /* MapKit.framework in Frameworks */ = {isa = PBXBuildFile; fileRef = 3882BF4B1B47ECEF00C188B2 /* MapKit.framework */; };
		3882BF4F1B47ED3500C188B2 /* MapBookmarks.xcdatamodeld in Sources */ = {isa = PBXBuildFile; fileRef = 3882BF4D1B47ED3500C188B2 /* MapBookmarks.xcdatamodeld */; };
		3882BF531B47F10300C188B2 /* Bookmark.m in Sources */ = {isa = PBXBuildFile; fileRef = 3882BF521B47F10300C188B2 /* Bookmark.m */; };
		3882BF5B1B47F2DE00C188B2 /* MapViewController.m in Sources */ = {isa = PBXBuildFile; fileRef = 3882BF5A1B47F2DE00C188B2 /* MapViewController.m */; };
		3882BF5E1B47F30500C188B2 /* BookmarksTableViewController.m in Sources */ = {isa = PBXBuildFile; fileRef = 3882BF5D1B47F30500C188B2 /* BookmarksTableViewController.m */; };
		3882BF641B47F34D00C188B2 /* BookmarkDetailViewController.m in Sources */ = {isa = PBXBuildFile; fileRef = 3882BF631B47F34D00C188B2 /* BookmarkDetailViewController.m */; };
		3882BF671B47F3A200C188B2 /* CoreDataManager.m in Sources */ = {isa = PBXBuildFile; fileRef = 3882BF661B47F3A200C188B2 /* CoreDataManager.m */; };
		3882BF6A1B47F4EF00C188B2 /* CoreDataStorage.m in Sources */ = {isa = PBXBuildFile; fileRef = 3882BF691B47F4EF00C188B2 /* CoreDataStorage.m */; };
/* End PBXBuildFile section */

/* Begin PBXContainerItemProxy section */
		3882BF391B47E94900C188B2 /* PBXContainerItemProxy */ = {
			isa = PBXContainerItemProxy;
			containerPortal = 3882BF171B47E94900C188B2 /* Project object */;
			proxyType = 1;
			remoteGlobalIDString = 3882BF1E1B47E94900C188B2;
			remoteInfo = mapbookmarks;
		};
/* End PBXContainerItemProxy section */

/* Begin PBXFileReference section */
		2BF81EF5B4339E5426E0387F /* Pods-mapbookmarks.release.xcconfig */ = {isa = PBXFileReference; includeInIndex = 1; lastKnownFileType = text.xcconfig; name = "Pods-mapbookmarks.release.xcconfig"; path = "Pods/Target Support Files/Pods-mapbookmarks/Pods-mapbookmarks.release.xcconfig"; sourceTree = "<group>"; };
		3882BF1F1B47E94900C188B2 /* mapbookmarks.app */ = {isa = PBXFileReference; explicitFileType = wrapper.application; includeInIndex = 0; path = mapbookmarks.app; sourceTree = BUILT_PRODUCTS_DIR; };
		3882BF231B47E94900C188B2 /* Info.plist */ = {isa = PBXFileReference; lastKnownFileType = text.plist.xml; path = Info.plist; sourceTree = "<group>"; };
		3882BF241B47E94900C188B2 /* main.m */ = {isa = PBXFileReference; lastKnownFileType = sourcecode.c.objc; path = main.m; sourceTree = "<group>"; };
		3882BF261B47E94900C188B2 /* AppDelegate.h */ = {isa = PBXFileReference; lastKnownFileType = sourcecode.c.h; path = AppDelegate.h; sourceTree = "<group>"; };
		3882BF271B47E94900C188B2 /* AppDelegate.m */ = {isa = PBXFileReference; lastKnownFileType = sourcecode.c.objc; path = AppDelegate.m; sourceTree = "<group>"; };
		3882BF2D1B47E94900C188B2 /* Base */ = {isa = PBXFileReference; lastKnownFileType = file.storyboard; name = Base; path = Base.lproj/Main.storyboard; sourceTree = "<group>"; };
		3882BF2F1B47E94900C188B2 /* Images.xcassets */ = {isa = PBXFileReference; lastKnownFileType = folder.assetcatalog; path = Images.xcassets; sourceTree = "<group>"; };
		3882BF321B47E94900C188B2 /* Base */ = {isa = PBXFileReference; lastKnownFileType = file.xib; name = Base; path = Base.lproj/LaunchScreen.xib; sourceTree = "<group>"; };
		3882BF381B47E94900C188B2 /* mapbookmarksTests.xctest */ = {isa = PBXFileReference; explicitFileType = wrapper.cfbundle; includeInIndex = 0; path = mapbookmarksTests.xctest; sourceTree = BUILT_PRODUCTS_DIR; };
		3882BF3D1B47E94900C188B2 /* Info.plist */ = {isa = PBXFileReference; lastKnownFileType = text.plist.xml; path = Info.plist; sourceTree = "<group>"; };
		3882BF3E1B47E94900C188B2 /* mapbookmarksTests.m */ = {isa = PBXFileReference; lastKnownFileType = sourcecode.c.objc; path = mapbookmarksTests.m; sourceTree = "<group>"; };
		3882BF491B47ECE800C188B2 /* CoreData.framework */ = {isa = PBXFileReference; lastKnownFileType = wrapper.framework; name = CoreData.framework; path = System/Library/Frameworks/CoreData.framework; sourceTree = SDKROOT; };
		3882BF4B1B47ECEF00C188B2 /* MapKit.framework */ = {isa = PBXFileReference; lastKnownFileType = wrapper.framework; name = MapKit.framework; path = System/Library/Frameworks/MapKit.framework; sourceTree = SDKROOT; };
		3882BF4E1B47ED3500C188B2 /* MapBookmarks.xcdatamodel */ = {isa = PBXFileReference; lastKnownFileType = wrapper.xcdatamodel; path = MapBookmarks.xcdatamodel; sourceTree = "<group>"; };
		3882BF511B47F10300C188B2 /* Bookmark.h */ = {isa = PBXFileReference; fileEncoding = 4; lastKnownFileType = sourcecode.c.h; name = Bookmark.h; path = CoreData/NSManagedObjects/Bookmark.h; sourceTree = "<group>"; };
		3882BF521B47F10300C188B2 /* Bookmark.m */ = {isa = PBXFileReference; fileEncoding = 4; lastKnownFileType = sourcecode.c.objc; name = Bookmark.m; path = CoreData/NSManagedObjects/Bookmark.m; sourceTree = "<group>"; };
		3882BF591B47F2DE00C188B2 /* MapViewController.h */ = {isa = PBXFileReference; fileEncoding = 4; lastKnownFileType = sourcecode.c.h; name = MapViewController.h; path = MVC/Controllers/MapViewController.h; sourceTree = "<group>"; };
		3882BF5A1B47F2DE00C188B2 /* MapViewController.m */ = {isa = PBXFileReference; fileEncoding = 4; lastKnownFileType = sourcecode.c.objc; name = MapViewController.m; path = MVC/Controllers/MapViewController.m; sourceTree = "<group>"; };
		3882BF5C1B47F30500C188B2 /* BookmarksTableViewController.h */ = {isa = PBXFileReference; fileEncoding = 4; lastKnownFileType = sourcecode.c.h; name = BookmarksTableViewController.h; path = MVC/Controllers/BookmarksTableViewController.h; sourceTree = "<group>"; };
		3882BF5D1B47F30500C188B2 /* BookmarksTableViewController.m */ = {isa = PBXFileReference; fileEncoding = 4; lastKnownFileType = sourcecode.c.objc; name = BookmarksTableViewController.m; path = MVC/Controllers/BookmarksTableViewController.m; sourceTree = "<group>"; };
		3882BF621B47F34D00C188B2 /* BookmarkDetailViewController.h */ = {isa = PBXFileReference; fileEncoding = 4; lastKnownFileType = sourcecode.c.h; name = BookmarkDetailViewController.h; path = MVC/Controllers/BookmarkDetailViewController.h; sourceTree = "<group>"; };
		3882BF631B47F34D00C188B2 /* BookmarkDetailViewController.m */ = {isa = PBXFileReference; fileEncoding = 4; lastKnownFileType = sourcecode.c.objc; name = BookmarkDetailViewController.m; path = MVC/Controllers/BookmarkDetailViewController.m; sourceTree = "<group>"; };
		3882BF651B47F3A200C188B2 /* CoreDataManager.h */ = {isa = PBXFileReference; fileEncoding = 4; lastKnownFileType = sourcecode.c.h; name = CoreDataManager.h; path = CoreData/CoreDataManager.h; sourceTree = "<group>"; };
		3882BF661B47F3A200C188B2 /* CoreDataManager.m */ = {isa = PBXFileReference; fileEncoding = 4; lastKnownFileType = sourcecode.c.objc; name = CoreDataManager.m; path = CoreData/CoreDataManager.m; sourceTree = "<group>"; };
		3882BF681B47F4EF00C188B2 /* CoreDataStorage.h */ = {isa = PBXFileReference; fileEncoding = 4; lastKnownFileType = sourcecode.c.h; name = CoreDataStorage.h; path = CoreData/CoreDataStorage.h; sourceTree = "<group>"; };
		3882BF691B47F4EF00C188B2 /* CoreDataStorage.m */ = {isa = PBXFileReference; fileEncoding = 4; lastKnownFileType = sourcecode.c.objc; name = CoreDataStorage.m; path = CoreData/CoreDataStorage.m; sourceTree = "<group>"; };
		49980E936F4BA06758B036E5 /* libPods-mapbookmarks.a */ = {isa = PBXFileReference; explicitFileType = archive.ar; includeInIndex = 0; path = "libPods-mapbookmarks.a"; sourceTree = BUILT_PRODUCTS_DIR; };
		522D48437AD66FD8D942DA4B /* Pods-mapbookmarks.debug.xcconfig */ = {isa = PBXFileReference; includeInIndex = 1; lastKnownFileType = text.xcconfig; name = "Pods-mapbookmarks.debug.xcconfig"; path = "Pods/Target Support Files/Pods-mapbookmarks/Pods-mapbookmarks.debug.xcconfig"; sourceTree = "<group>"; };
/* End PBXFileReference section */

/* Begin PBXFrameworksBuildPhase section */
		3882BF1C1B47E94900C188B2 /* Frameworks */ = {
			isa = PBXFrameworksBuildPhase;
			buildActionMask = 2147483647;
			files = (
				3882BF4C1B47ECEF00C188B2 /* MapKit.framework in Frameworks */,
				3882BF4A1B47ECE800C188B2 /* CoreData.framework in Frameworks */,
				332DAAE12721BB2BD8F00FF4 /* libPods-mapbookmarks.a in Frameworks */,
			);
			runOnlyForDeploymentPostprocessing = 0;
		};
		3882BF351B47E94900C188B2 /* Frameworks */ = {
			isa = PBXFrameworksBuildPhase;
			buildActionMask = 2147483647;
			files = (
			);
			runOnlyForDeploymentPostprocessing = 0;
		};
/* End PBXFrameworksBuildPhase section */

/* Begin PBXGroup section */
		3882BF161B47E94900C188B2 = {
			isa = PBXGroup;
			children = (
				3882BF211B47E94900C188B2 /* mapbookmarks */,
				3882BF3B1B47E94900C188B2 /* mapbookmarksTests */,
				3882BF201B47E94900C188B2 /* Products */,
				9A9762B17D5A2EA3150A42CF /* Pods */,
				473B9029F781F96F5218302B /* Frameworks */,
			);
			sourceTree = "<group>";
		};
		3882BF201B47E94900C188B2 /* Products */ = {
			isa = PBXGroup;
			children = (
				3882BF1F1B47E94900C188B2 /* mapbookmarks.app */,
				3882BF381B47E94900C188B2 /* mapbookmarksTests.xctest */,
			);
			name = Products;
			sourceTree = "<group>";
		};
		3882BF211B47E94900C188B2 /* mapbookmarks */ = {
			isa = PBXGroup;
			children = (
				3882BF261B47E94900C188B2 /* AppDelegate.h */,
				3882BF271B47E94900C188B2 /* AppDelegate.m */,
				3882BF2C1B47E94900C188B2 /* Main.storyboard */,
				3882BF2F1B47E94900C188B2 /* Images.xcassets */,
				3882BF311B47E94900C188B2 /* LaunchScreen.xib */,
				3882BF541B47F28700C188B2 /* MVC */,
				3882BF481B47EC7800C188B2 /* CoreData */,
				3882BF221B47E94900C188B2 /* Supporting Files */,
			);
			path = mapbookmarks;
			sourceTree = "<group>";
		};
		3882BF221B47E94900C188B2 /* Supporting Files */ = {
			isa = PBXGroup;
			children = (
				3882BF231B47E94900C188B2 /* Info.plist */,
				3882BF241B47E94900C188B2 /* main.m */,
			);
			name = "Supporting Files";
			sourceTree = "<group>";
		};
		3882BF3B1B47E94900C188B2 /* mapbookmarksTests */ = {
			isa = PBXGroup;
			children = (
				3882BF3E1B47E94900C188B2 /* mapbookmarksTests.m */,
				3882BF3C1B47E94900C188B2 /* Supporting Files */,
			);
			path = mapbookmarksTests;
			sourceTree = "<group>";
		};
		3882BF3C1B47E94900C188B2 /* Supporting Files */ = {
			isa = PBXGroup;
			children = (
				3882BF3D1B47E94900C188B2 /* Info.plist */,
			);
			name = "Supporting Files";
			sourceTree = "<group>";
		};
		3882BF481B47EC7800C188B2 /* CoreData */ = {
			isa = PBXGroup;
			children = (
				3882BF4D1B47ED3500C188B2 /* MapBookmarks.xcdatamodeld */,
				3882BF501B47ED6500C188B2 /* NSManagedObjects */,
				3882BF651B47F3A200C188B2 /* CoreDataManager.h */,
				3882BF661B47F3A200C188B2 /* CoreDataManager.m */,
				3882BF681B47F4EF00C188B2 /* CoreDataStorage.h */,
				3882BF691B47F4EF00C188B2 /* CoreDataStorage.m */,
			);
			name = CoreData;
			sourceTree = "<group>";
		};
		3882BF501B47ED6500C188B2 /* NSManagedObjects */ = {
			isa = PBXGroup;
			children = (
				3882BF511B47F10300C188B2 /* Bookmark.h */,
				3882BF521B47F10300C188B2 /* Bookmark.m */,
			);
			name = NSManagedObjects;
			sourceTree = "<group>";
		};
		3882BF541B47F28700C188B2 /* MVC */ = {
			isa = PBXGroup;
			children = (
				3882BF551B47F28E00C188B2 /* Models */,
				3882BF571B47F29C00C188B2 /* Views */,
				3882BF581B47F2A200C188B2 /* Controllers */,
			);
			name = MVC;
			sourceTree = "<group>";
		};
		3882BF551B47F28E00C188B2 /* Models */ = {
			isa = PBXGroup;
			children = (
			);
			name = Models;
			sourceTree = "<group>";
		};
		3882BF571B47F29C00C188B2 /* Views */ = {
			isa = PBXGroup;
			children = (
			);
			name = Views;
			sourceTree = "<group>";
		};
		3882BF581B47F2A200C188B2 /* Controllers */ = {
			isa = PBXGroup;
			children = (
				3882BF591B47F2DE00C188B2 /* MapViewController.h */,
				3882BF5A1B47F2DE00C188B2 /* MapViewController.m */,
				3882BF5C1B47F30500C188B2 /* BookmarksTableViewController.h */,
				3882BF5D1B47F30500C188B2 /* BookmarksTableViewController.m */,
				3882BF621B47F34D00C188B2 /* BookmarkDetailViewController.h */,
				3882BF631B47F34D00C188B2 /* BookmarkDetailViewController.m */,
			);
			name = Controllers;
			sourceTree = "<group>";
		};
		473B9029F781F96F5218302B /* Frameworks */ = {
			isa = PBXGroup;
			children = (
				3882BF4B1B47ECEF00C188B2 /* MapKit.framework */,
				3882BF491B47ECE800C188B2 /* CoreData.framework */,
				49980E936F4BA06758B036E5 /* libPods-mapbookmarks.a */,
			);
			name = Frameworks;
			sourceTree = "<group>";
		};
		9A9762B17D5A2EA3150A42CF /* Pods */ = {
			isa = PBXGroup;
			children = (
				522D48437AD66FD8D942DA4B /* Pods-mapbookmarks.debug.xcconfig */,
				2BF81EF5B4339E5426E0387F /* Pods-mapbookmarks.release.xcconfig */,
			);
			name = Pods;
			sourceTree = "<group>";
		};
/* End PBXGroup section */

/* Begin PBXNativeTarget section */
		3882BF1E1B47E94900C188B2 /* mapbookmarks */ = {
			isa = PBXNativeTarget;
			buildConfigurationList = 3882BF421B47E94900C188B2 /* Build configuration list for PBXNativeTarget "mapbookmarks" */;
			buildPhases = (
				4ABE57194C162F42D626CB02 /* Check Pods Manifest.lock */,
				3882BF1B1B47E94900C188B2 /* Sources */,
				3882BF1C1B47E94900C188B2 /* Frameworks */,
				3882BF1D1B47E94900C188B2 /* Resources */,
				6FD4B95518435FC210E79108 /* Copy Pods Resources */,
			);
			buildRules = (
			);
			dependencies = (
			);
			name = mapbookmarks;
			productName = mapbookmarks;
			productReference = 3882BF1F1B47E94900C188B2 /* mapbookmarks.app */;
			productType = "com.apple.product-type.application";
		};
		3882BF371B47E94900C188B2 /* mapbookmarksTests */ = {
			isa = PBXNativeTarget;
			buildConfigurationList = 3882BF451B47E94900C188B2 /* Build configuration list for PBXNativeTarget "mapbookmarksTests" */;
			buildPhases = (
				3882BF341B47E94900C188B2 /* Sources */,
				3882BF351B47E94900C188B2 /* Frameworks */,
				3882BF361B47E94900C188B2 /* Resources */,
			);
			buildRules = (
			);
			dependencies = (
				3882BF3A1B47E94900C188B2 /* PBXTargetDependency */,
			);
			name = mapbookmarksTests;
			productName = mapbookmarksTests;
			productReference = 3882BF381B47E94900C188B2 /* mapbookmarksTests.xctest */;
			productType = "com.apple.product-type.bundle.unit-test";
		};
/* End PBXNativeTarget section */

/* Begin PBXProject section */
		3882BF171B47E94900C188B2 /* Project object */ = {
			isa = PBXProject;
			attributes = {
				LastUpgradeCheck = 0630;
				ORGANIZATIONNAME = "Mykola Prokopiev";
				TargetAttributes = {
					3882BF1E1B47E94900C188B2 = {
						CreatedOnToolsVersion = 6.3.2;
					};
					3882BF371B47E94900C188B2 = {
						CreatedOnToolsVersion = 6.3.2;
						TestTargetID = 3882BF1E1B47E94900C188B2;
					};
				};
			};
			buildConfigurationList = 3882BF1A1B47E94900C188B2 /* Build configuration list for PBXProject "mapbookmarks" */;
			compatibilityVersion = "Xcode 3.2";
			developmentRegion = English;
			hasScannedForEncodings = 0;
			knownRegions = (
				en,
				Base,
			);
			mainGroup = 3882BF161B47E94900C188B2;
			productRefGroup = 3882BF201B47E94900C188B2 /* Products */;
			projectDirPath = "";
			projectRoot = "";
			targets = (
				3882BF1E1B47E94900C188B2 /* mapbookmarks */,
				3882BF371B47E94900C188B2 /* mapbookmarksTests */,
			);
		};
/* End PBXProject section */

/* Begin PBXResourcesBuildPhase section */
		3882BF1D1B47E94900C188B2 /* Resources */ = {
			isa = PBXResourcesBuildPhase;
			buildActionMask = 2147483647;
			files = (
				3882BF2E1B47E94900C188B2 /* Main.storyboard in Resources */,
				3882BF331B47E94900C188B2 /* LaunchScreen.xib in Resources */,
				3882BF301B47E94900C188B2 /* Images.xcassets in Resources */,
			);
			runOnlyForDeploymentPostprocessing = 0;
		};
		3882BF361B47E94900C188B2 /* Resources */ = {
			isa = PBXResourcesBuildPhase;
			buildActionMask = 2147483647;
			files = (
			);
			runOnlyForDeploymentPostprocessing = 0;
		};
/* End PBXResourcesBuildPhase section */

/* Begin PBXShellScriptBuildPhase section */
		4ABE57194C162F42D626CB02 /* Check Pods Manifest.lock */ = {
			isa = PBXShellScriptBuildPhase;
			buildActionMask = 2147483647;
			files = (
			);
			inputPaths = (
			);
			name = "Check Pods Manifest.lock";
			outputPaths = (
			);
			runOnlyForDeploymentPostprocessing = 0;
			shellPath = /bin/sh;
			shellScript = "diff \"${PODS_ROOT}/../Podfile.lock\" \"${PODS_ROOT}/Manifest.lock\" > /dev/null\nif [[ $? != 0 ]] ; then\n    cat << EOM\nerror: The sandbox is not in sync with the Podfile.lock. Run 'pod install' or update your CocoaPods installation.\nEOM\n    exit 1\nfi\n";
			showEnvVarsInLog = 0;
		};
		6FD4B95518435FC210E79108 /* Copy Pods Resources */ = {
			isa = PBXShellScriptBuildPhase;
			buildActionMask = 2147483647;
			files = (
			);
			inputPaths = (
			);
			name = "Copy Pods Resources";
			outputPaths = (
			);
			runOnlyForDeploymentPostprocessing = 0;
			shellPath = /bin/sh;
			shellScript = "\"${SRCROOT}/Pods/Target Support Files/Pods-mapbookmarks/Pods-mapbookmarks-resources.sh\"\n";
			showEnvVarsInLog = 0;
		};
/* End PBXShellScriptBuildPhase section */

/* Begin PBXSourcesBuildPhase section */
		3882BF1B1B47E94900C188B2 /* Sources */ = {
			isa = PBXSourcesBuildPhase;
			buildActionMask = 2147483647;
			files = (
				3882BF281B47E94900C188B2 /* AppDelegate.m in Sources */,
				3882BF251B47E94900C188B2 /* main.m in Sources */,
				3882BF671B47F3A200C188B2 /* CoreDataManager.m in Sources */,
				3882BF5B1B47F2DE00C188B2 /* MapViewController.m in Sources */,
				3882BF641B47F34D00C188B2 /* BookmarkDetailViewController.m in Sources */,
				3882BF6A1B47F4EF00C188B2 /* CoreDataStorage.m in Sources */,
				3882BF5E1B47F30500C188B2 /* BookmarksTableViewController.m in Sources */,
				3882BF4F1B47ED3500C188B2 /* MapBookmarks.xcdatamodeld in Sources */,
				3882BF531B47F10300C188B2 /* Bookmark.m in Sources */,
			);
			runOnlyForDeploymentPostprocessing = 0;
		};
		3882BF341B47E94900C188B2 /* Sources */ = {
			isa = PBXSourcesBuildPhase;
			buildActionMask = 2147483647;
			files = (
				3882BF3F1B47E94900C188B2 /* mapbookmarksTests.m in Sources */,
			);
			runOnlyForDeploymentPostprocessing = 0;
		};
/* End PBXSourcesBuildPhase section */

/* Begin PBXTargetDependency section */
		3882BF3A1B47E94900C188B2 /* PBXTargetDependency */ = {
			isa = PBXTargetDependency;
			target = 3882BF1E1B47E94900C188B2 /* mapbookmarks */;
			targetProxy = 3882BF391B47E94900C188B2 /* PBXContainerItemProxy */;
		};
/* End PBXTargetDependency section */

/* Begin PBXVariantGroup section */
		3882BF2C1B47E94900C188B2 /* Main.storyboard */ = {
			isa = PBXVariantGroup;
			children = (
				3882BF2D1B47E94900C188B2 /* Base */,
			);
			name = Main.storyboard;
			sourceTree = "<group>";
		};
		3882BF311B47E94900C188B2 /* LaunchScreen.xib */ = {
			isa = PBXVariantGroup;
			children = (
				3882BF321B47E94900C188B2 /* Base */,
			);
			name = LaunchScreen.xib;
			sourceTree = "<group>";
		};
/* End PBXVariantGroup section */

/* Begin XCBuildConfiguration section */
		3882BF401B47E94900C188B2 /* Debug */ = {
			isa = XCBuildConfiguration;
			buildSettings = {
				ALWAYS_SEARCH_USER_PATHS = NO;
				CLANG_CXX_LANGUAGE_STANDARD = "gnu++0x";
				CLANG_CXX_LIBRARY = "libc++";
				CLANG_ENABLE_MODULES = YES;
				CLANG_ENABLE_OBJC_ARC = YES;
				CLANG_WARN_BOOL_CONVERSION = YES;
				CLANG_WARN_CONSTANT_CONVERSION = YES;
				CLANG_WARN_DIRECT_OBJC_ISA_USAGE = YES_ERROR;
				CLANG_WARN_EMPTY_BODY = YES;
				CLANG_WARN_ENUM_CONVERSION = YES;
				CLANG_WARN_INT_CONVERSION = YES;
				CLANG_WARN_OBJC_ROOT_CLASS = YES_ERROR;
				CLANG_WARN_UNREACHABLE_CODE = YES;
				CLANG_WARN__DUPLICATE_METHOD_MATCH = YES;
				"CODE_SIGN_IDENTITY[sdk=iphoneos*]" = "iPhone Developer";
				COPY_PHASE_STRIP = NO;
				DEBUG_INFORMATION_FORMAT = "dwarf-with-dsym";
				ENABLE_STRICT_OBJC_MSGSEND = YES;
				GCC_C_LANGUAGE_STANDARD = gnu99;
				GCC_DYNAMIC_NO_PIC = NO;
				GCC_NO_COMMON_BLOCKS = YES;
				GCC_OPTIMIZATION_LEVEL = 0;
				GCC_PREPROCESSOR_DEFINITIONS = (
					"DEBUG=1",
					"$(inherited)",
				);
				GCC_SYMBOLS_PRIVATE_EXTERN = NO;
				GCC_WARN_64_TO_32_BIT_CONVERSION = YES;
				GCC_WARN_ABOUT_RETURN_TYPE = YES_ERROR;
				GCC_WARN_UNDECLARED_SELECTOR = YES;
				GCC_WARN_UNINITIALIZED_AUTOS = YES_AGGRESSIVE;
				GCC_WARN_UNUSED_FUNCTION = YES;
				GCC_WARN_UNUSED_VARIABLE = YES;
				IPHONEOS_DEPLOYMENT_TARGET = 8.3;
				MTL_ENABLE_DEBUG_INFO = YES;
				ONLY_ACTIVE_ARCH = YES;
				SDKROOT = iphoneos;
			};
			name = Debug;
		};
		3882BF411B47E94900C188B2 /* Release */ = {
			isa = XCBuildConfiguration;
			buildSettings = {
				ALWAYS_SEARCH_USER_PATHS = NO;
				CLANG_CXX_LANGUAGE_STANDARD = "gnu++0x";
				CLANG_CXX_LIBRARY = "libc++";
				CLANG_ENABLE_MODULES = YES;
				CLANG_ENABLE_OBJC_ARC = YES;
				CLANG_WARN_BOOL_CONVERSION = YES;
				CLANG_WARN_CONSTANT_CONVERSION = YES;
				CLANG_WARN_DIRECT_OBJC_ISA_USAGE = YES_ERROR;
				CLANG_WARN_EMPTY_BODY = YES;
				CLANG_WARN_ENUM_CONVERSION = YES;
				CLANG_WARN_INT_CONVERSION = YES;
				CLANG_WARN_OBJC_ROOT_CLASS = YES_ERROR;
				CLANG_WARN_UNREACHABLE_CODE = YES;
				CLANG_WARN__DUPLICATE_METHOD_MATCH = YES;
				"CODE_SIGN_IDENTITY[sdk=iphoneos*]" = "iPhone Developer";
				COPY_PHASE_STRIP = NO;
				DEBUG_INFORMATION_FORMAT = "dwarf-with-dsym";
				ENABLE_NS_ASSERTIONS = NO;
				ENABLE_STRICT_OBJC_MSGSEND = YES;
				GCC_C_LANGUAGE_STANDARD = gnu99;
				GCC_NO_COMMON_BLOCKS = YES;
				GCC_WARN_64_TO_32_BIT_CONVERSION = YES;
				GCC_WARN_ABOUT_RETURN_TYPE = YES_ERROR;
				GCC_WARN_UNDECLARED_SELECTOR = YES;
				GCC_WARN_UNINITIALIZED_AUTOS = YES_AGGRESSIVE;
				GCC_WARN_UNUSED_FUNCTION = YES;
				GCC_WARN_UNUSED_VARIABLE = YES;
				IPHONEOS_DEPLOYMENT_TARGET = 8.3;
				MTL_ENABLE_DEBUG_INFO = NO;
				SDKROOT = iphoneos;
				VALIDATE_PRODUCT = YES;
			};
			name = Release;
		};
		3882BF431B47E94900C188B2 /* Debug */ = {
			isa = XCBuildConfiguration;
			baseConfigurationReference = 522D48437AD66FD8D942DA4B /* Pods-mapbookmarks.debug.xcconfig */;
			buildSettings = {
				ASSETCATALOG_COMPILER_APPICON_NAME = AppIcon;
				INFOPLIST_FILE = mapbookmarks/Info.plist;
				LD_RUNPATH_SEARCH_PATHS = "$(inherited) @executable_path/Frameworks";
				PRODUCT_NAME = "$(TARGET_NAME)";
			};
			name = Debug;
		};
		3882BF441B47E94900C188B2 /* Release */ = {
			isa = XCBuildConfiguration;
			baseConfigurationReference = 2BF81EF5B4339E5426E0387F /* Pods-mapbookmarks.release.xcconfig */;
			buildSettings = {
				ASSETCATALOG_COMPILER_APPICON_NAME = AppIcon;
				INFOPLIST_FILE = mapbookmarks/Info.plist;
				LD_RUNPATH_SEARCH_PATHS = "$(inherited) @executable_path/Frameworks";
				PRODUCT_NAME = "$(TARGET_NAME)";
			};
			name = Release;
		};
		3882BF461B47E94900C188B2 /* Debug */ = {
			isa = XCBuildConfiguration;
			buildSettings = {
				BUNDLE_LOADER = "$(TEST_HOST)";
				FRAMEWORK_SEARCH_PATHS = (
					"$(SDKROOT)/Developer/Library/Frameworks",
					"$(inherited)",
				);
				GCC_PREPROCESSOR_DEFINITIONS = (
					"DEBUG=1",
					"$(inherited)",
				);
				INFOPLIST_FILE = mapbookmarksTests/Info.plist;
				LD_RUNPATH_SEARCH_PATHS = "$(inherited) @executable_path/Frameworks @loader_path/Frameworks";
				PRODUCT_NAME = "$(TARGET_NAME)";
				TEST_HOST = "$(BUILT_PRODUCTS_DIR)/mapbookmarks.app/mapbookmarks";
			};
			name = Debug;
		};
		3882BF471B47E94900C188B2 /* Release */ = {
			isa = XCBuildConfiguration;
			buildSettings = {
				BUNDLE_LOADER = "$(TEST_HOST)";
				FRAMEWORK_SEARCH_PATHS = (
					"$(SDKROOT)/Developer/Library/Frameworks",
					"$(inherited)",
				);
				INFOPLIST_FILE = mapbookmarksTests/Info.plist;
				LD_RUNPATH_SEARCH_PATHS = "$(inherited) @executable_path/Frameworks @loader_path/Frameworks";
				PRODUCT_NAME = "$(TARGET_NAME)";
				TEST_HOST = "$(BUILT_PRODUCTS_DIR)/mapbookmarks.app/mapbookmarks";
			};
			name = Release;
		};
/* End XCBuildConfiguration section */

/* Begin XCConfigurationList section */
		3882BF1A1B47E94900C188B2 /* Build configuration list for PBXProject "mapbookmarks" */ = {
			isa = XCConfigurationList;
			buildConfigurations = (
				3882BF401B47E94900C188B2 /* Debug */,
				3882BF411B47E94900C188B2 /* Release */,
			);
			defaultConfigurationIsVisible = 0;
			defaultConfigurationName = Release;
		};
		3882BF421B47E94900C188B2 /* Build configuration list for PBXNativeTarget "mapbookmarks" */ = {
			isa = XCConfigurationList;
			buildConfigurations = (
				3882BF431B47E94900C188B2 /* Debug */,
				3882BF441B47E94900C188B2 /* Release */,
			);
			defaultConfigurationIsVisible = 0;
			defaultConfigurationName = Release;
		};
		3882BF451B47E94900C188B2 /* Build configuration list for PBXNativeTarget "mapbookmarksTests" */ = {
			isa = XCConfigurationList;
			buildConfigurations = (
				3882BF461B47E94900C188B2 /* Debug */,
				3882BF471B47E94900C188B2 /* Release */,
			);
			defaultConfigurationIsVisible = 0;
			defaultConfigurationName = Release;
		};
/* End XCConfigurationList section */

/* Begin XCVersionGroup section */
		3882BF4D1B47ED3500C188B2 /* MapBookmarks.xcdatamodeld */ = {
			isa = XCVersionGroup;
			children = (
				3882BF4E1B47ED3500C188B2 /* MapBookmarks.xcdatamodel */,
			);
			currentVersion = 3882BF4E1B47ED3500C188B2 /* MapBookmarks.xcdatamodel */;
			name = MapBookmarks.xcdatamodeld;
			path = CoreData/MapBookmarks.xcdatamodeld;
			sourceTree = "<group>";
			versionGroupType = wrapper.xcdatamodel;
		};
/* End XCVersionGroup section */
	};
	rootObject = 3882BF171B47E94900C188B2 /* Project object */;
}
